
Microsoft Visual Studio Solution File, Format Version 12.00
# Visual Studio Version 17
VisualStudioVersion = 17.10.35201.131
MinimumVisualStudioVersion = 10.0.40219.1
Project("{9A19103F-16F7-4668-BE54-9A1E7A4F7556}") = "PDNDClientAssertionGenerator", "PDNDClientAssertionGenerator.csproj", "{5C5D5A27-89FC-4115-908B-8F14355C0143}"
EndProject
Project("{2150E333-8FDC-42A3-9474-1A3956D46DE8}") = "samples", "samples", "{EC21B885-CE5E-427F-9D06-CAED570F2184}"
EndProject
Project("{9A19103F-16F7-4668-BE54-9A1E7A4F7556}") = "PDNDClientAssertionGenerator.Tests", "..\PDNDClientAssertionGenerator.Tests\PDNDClientAssertionGenerator.Tests.csproj", "{7A2109DE-C26B-4B1C-BD3E-2E2E451DC067}"
EndProject
Project("{FAE04EC0-301F-11D3-BF4B-00C04F79EFBC}") = "PDNDClientAssertionGenerator.Api", "..\PDNDClientAssertionGenerator.Api\PDNDClientAssertionGenerator.Api.csproj", "{26CA7E5F-DE21-4155-882A-CF248007B48A}"
EndProject
Global
	GlobalSection(SolutionConfigurationPlatforms) = preSolution
		Debug|Any CPU = Debug|Any CPU
		Release|Any CPU = Release|Any CPU
	EndGlobalSection
	GlobalSection(ProjectConfigurationPlatforms) = postSolution
		{5C5D5A27-89FC-4115-908B-8F14355C0143}.Debug|Any CPU.ActiveCfg = Debug|Any CPU
		{5C5D5A27-89FC-4115-908B-8F14355C0143}.Debug|Any CPU.Build.0 = Debug|Any CPU
		{5C5D5A27-89FC-4115-908B-8F14355C0143}.Release|Any CPU.ActiveCfg = Release|Any CPU
		{5C5D5A27-89FC-4115-908B-8F14355C0143}.Release|Any CPU.Build.0 = Release|Any CPU
		{7A2109DE-C26B-4B1C-BD3E-2E2E451DC067}.Debug|Any CPU.ActiveCfg = Debug|Any CPU
		{7A2109DE-C26B-4B1C-BD3E-2E2E451DC067}.Debug|Any CPU.Build.0 = Debug|Any CPU
		{7A2109DE-C26B-4B1C-BD3E-2E2E451DC067}.Release|Any CPU.ActiveCfg = Release|Any CPU
		{7A2109DE-C26B-4B1C-BD3E-2E2E451DC067}.Release|Any CPU.Build.0 = Release|Any CPU
		{26CA7E5F-DE21-4155-882A-CF248007B48A}.Debug|Any CPU.ActiveCfg = Debug|Any CPU
		{26CA7E5F-DE21-4155-882A-CF248007B48A}.Debug|Any CPU.Build.0 = Debug|Any CPU
		{26CA7E5F-DE21-4155-882A-CF248007B48A}.Release|Any CPU.ActiveCfg = Release|Any CPU
		{26CA7E5F-DE21-4155-882A-CF248007B48A}.Release|Any CPU.Build.0 = Release|Any CPU
	EndGlobalSection
	GlobalSection(SolutionProperties) = preSolution
		HideSolutionNode = FALSE
	EndGlobalSection
	GlobalSection(NestedProjects) = preSolution
		{26CA7E5F-DE21-4155-882A-CF248007B48A} = {EC21B885-CE5E-427F-9D06-CAED570F2184}
	EndGlobalSection
	GlobalSection(ExtensibilityGlobals) = postSolution
		SolutionGuid = {7CF6FBBF-1EE4-44D6-BE3A-8765E5901463}
	EndGlobalSection
EndGlobal
